
Microsoft Visual Studio Solution File, Format Version 12.00
# Visual Studio 14
VisualStudioVersion = 14.0.25420.1
MinimumVisualStudioVersion = 10.0.40219.1
Project("{FAE04EC0-301F-11D3-BF4B-00C04F79EFBC}") = "MatematikOyun.Android", "MatematikOyun\MatematikOyun.Android\MatematikOyun.Android.csproj", "{161032E1-5099-4F93-9A91-CDA2CE77CD39}"
EndProject
Project("{FAE04EC0-301F-11D3-BF4B-00C04F79EFBC}") = "MatematikOyun", "MatematikOyun\MatematikOyun\MatematikOyun.csproj", "{50DC1732-3BF2-481E-80BC-9FC06D61CDAF}"
EndProject
Global
	GlobalSection(SolutionConfigurationPlatforms) = preSolution
		Ad-Hoc|Any CPU = Ad-Hoc|Any CPU
		Ad-Hoc|iPhone = Ad-Hoc|iPhone
		Ad-Hoc|iPhoneSimulator = Ad-Hoc|iPhoneSimulator
		AppStore|Any CPU = AppStore|Any CPU
		AppStore|iPhone = AppStore|iPhone
		AppStore|iPhoneSimulator = AppStore|iPhoneSimulator
		Debug|Any CPU = Debug|Any CPU
		Debug|iPhone = Debug|iPhone
		Debug|iPhoneSimulator = Debug|iPhoneSimulator
		Release|Any CPU = Release|Any CPU
		Release|iPhone = Release|iPhone
		Release|iPhoneSimulator = Release|iPhoneSimulator
	EndGlobalSection
	GlobalSection(ProjectConfigurationPlatforms) = postSolution
		{161032E1-5099-4F93-9A91-CDA2CE77CD39}.Ad-Hoc|Any CPU.ActiveCfg = Release|Any CPU
		{161032E1-5099-4F93-9A91-CDA2CE77CD39}.Ad-Hoc|Any CPU.Build.0 = Release|Any CPU
		{161032E1-5099-4F93-9A91-CDA2CE77CD39}.Ad-Hoc|Any CPU.Deploy.0 = Release|Any CPU
		{161032E1-5099-4F93-9A91-CDA2CE77CD39}.Ad-Hoc|iPhone.ActiveCfg = Release|Any CPU
		{161032E1-5099-4F93-9A91-CDA2CE77CD39}.Ad-Hoc|iPhone.Build.0 = Release|Any CPU
		{161032E1-5099-4F93-9A91-CDA2CE77CD39}.Ad-Hoc|iPhone.Deploy.0 = Release|Any CPU
		{161032E1-5099-4F93-9A91-CDA2CE77CD39}.Ad-Hoc|iPhoneSimulator.ActiveCfg = Release|Any CPU
		{161032E1-5099-4F93-9A91-CDA2CE77CD39}.Ad-Hoc|iPhoneSimulator.Build.0 = Release|Any CPU
		{161032E1-5099-4F93-9A91-CDA2CE77CD39}.Ad-Hoc|iPhoneSimulator.Deploy.0 = Release|Any CPU
		{161032E1-5099-4F93-9A91-CDA2CE77CD39}.AppStore|Any CPU.ActiveCfg = Release|Any CPU
		{161032E1-5099-4F93-9A91-CDA2CE77CD39}.AppStore|Any CPU.Build.0 = Release|Any CPU
		{161032E1-5099-4F93-9A91-CDA2CE77CD39}.AppStore|Any CPU.Deploy.0 = Release|Any CPU
		{161032E1-5099-4F93-9A91-CDA2CE77CD39}.AppStore|iPhone.ActiveCfg = Release|Any CPU
		{161032E1-5099-4F93-9A91-CDA2CE77CD39}.AppStore|iPhone.Build.0 = Release|Any CPU
		{161032E1-5099-4F93-9A91-CDA2CE77CD39}.AppStore|iPhone.Deploy.0 = Release|Any CPU
		{161032E1-5099-4F93-9A91-CDA2CE77CD39}.AppStore|iPhoneSimulator.ActiveCfg = Release|Any CPU
		{161032E1-5099-4F93-9A91-CDA2CE77CD39}.AppStore|iPhoneSimulator.Build.0 = Release|Any CPU
		{161032E1-5099-4F93-9A91-CDA2CE77CD39}.AppStore|iPhoneSimulator.Deploy.0 = Release|Any CPU
		{161032E1-5099-4F93-9A91-CDA2CE77CD39}.Debug|Any CPU.ActiveCfg = Debug|Any CPU
		{161032E1-5099-4F93-9A91-CDA2CE77CD39}.Debug|Any CPU.Build.0 = Debug|Any CPU
		{161032E1-5099-4F93-9A91-CDA2CE77CD39}.Debug|Any CPU.Deploy.0 = Debug|Any CPU
		{161032E1-5099-4F93-9A91-CDA2CE77CD39}.Debug|iPhone.ActiveCfg = Debug|Any CPU
		{161032E1-5099-4F93-9A91-CDA2CE77CD39}.Debug|iPhone.Build.0 = Debug|Any CPU
		{161032E1-5099-4F93-9A91-CDA2CE77CD39}.Debug|iPhone.Deploy.0 = Debug|Any CPU
		{161032E1-5099-4F93-9A91-CDA2CE77CD39}.Debug|iPhoneSimulator.ActiveCfg = Debug|Any CPU
		{161032E1-5099-4F93-9A91-CDA2CE77CD39}.Debug|iPhoneSimulator.Build.0 = Debug|Any CPU
		{161032E1-5099-4F93-9A91-CDA2CE77CD39}.Debug|iPhoneSimulator.Deploy.0 = Debug|Any CPU
		{161032E1-5099-4F93-9A91-CDA2CE77CD39}.Release|Any CPU.ActiveCfg = Release|Any CPU
		{161032E1-5099-4F93-9A91-CDA2CE77CD39}.Release|Any CPU.Build.0 = Release|Any CPU
		{161032E1-5099-4F93-9A91-CDA2CE77CD39}.Release|Any CPU.Deploy.0 = Release|Any CPU
		{161032E1-5099-4F93-9A91-CDA2CE77CD39}.Release|iPhone.ActiveCfg = Release|Any CPU
		{161032E1-5099-4F93-9A91-CDA2CE77CD39}.Release|iPhone.Build.0 = Release|Any CPU
		{161032E1-5099-4F93-9A91-CDA2CE77CD39}.Release|iPhone.Deploy.0 = Release|Any CPU
		{161032E1-5099-4F93-9A91-CDA2CE77CD39}.Release|iPhoneSimulator.ActiveCfg = Release|Any CPU
		{161032E1-5099-4F93-9A91-CDA2CE77CD39}.Release|iPhoneSimulator.Build.0 = Release|Any CPU
		{161032E1-5099-4F93-9A91-CDA2CE77CD39}.Release|iPhoneSimulator.Deploy.0 = Release|Any CPU
		{50DC1732-3BF2-481E-80BC-9FC06D61CDAF}.Ad-Hoc|Any CPU.ActiveCfg = Release|Any CPU
		{50DC1732-3BF2-481E-80BC-9FC06D61CDAF}.Ad-Hoc|Any CPU.Build.0 = Release|Any CPU
		{50DC1732-3BF2-481E-80BC-9FC06D61CDAF}.Ad-Hoc|iPhone.ActiveCfg = Release|Any CPU
		{50DC1732-3BF2-481E-80BC-9FC06D61CDAF}.Ad-Hoc|iPhone.Build.0 = Release|Any CPU
		{50DC1732-3BF2-481E-80BC-9FC06D61CDAF}.Ad-Hoc|iPhoneSimulator.ActiveCfg = Release|Any CPU
		{50DC1732-3BF2-481E-80BC-9FC06D61CDAF}.Ad-Hoc|iPhoneSimulator.Build.0 = Release|Any CPU
		{50DC1732-3BF2-481E-80BC-9FC06D61CDAF}.AppStore|Any CPU.ActiveCfg = Release|Any CPU
		{50DC1732-3BF2-481E-80BC-9FC06D61CDAF}.AppStore|Any CPU.Build.0 = Release|Any CPU
		{50DC1732-3BF2-481E-80BC-9FC06D61CDAF}.AppStore|iPhone.ActiveCfg = Release|Any CPU
		{50DC1732-3BF2-481E-80BC-9FC06D61CDAF}.AppStore|iPhone.Build.0 = Release|Any CPU
		{50DC1732-3BF2-481E-80BC-9FC06D61CDAF}.AppStore|iPhoneSimulator.ActiveCfg = Release|Any CPU
		{50DC1732-3BF2-481E-80BC-9FC06D61CDAF}.AppStore|iPhoneSimulator.Build.0 = Release|Any CPU
		{50DC1732-3BF2-481E-80BC-9FC06D61CDAF}.Debug|Any CPU.ActiveCfg = Debug|Any CPU
		{50DC1732-3BF2-481E-80BC-9FC06D61CDAF}.Debug|Any CPU.Build.0 = Debug|Any CPU
		{50DC1732-3BF2-481E-80BC-9FC06D61CDAF}.Debug|iPhone.ActiveCfg = Debug|Any CPU
		{50DC1732-3BF2-481E-80BC-9FC06D61CDAF}.Debug|iPhone.Build.0 = Debug|Any CPU
		{50DC1732-3BF2-481E-80BC-9FC06D61CDAF}.Debug|iPhoneSimulator.ActiveCfg = Debug|Any CPU
		{50DC1732-3BF2-481E-80BC-9FC06D61CDAF}.Debug|iPhoneSimulator.Build.0 = Debug|Any CPU
		{50DC1732-3BF2-481E-80BC-9FC06D61CDAF}.Release|Any CPU.ActiveCfg = Release|Any CPU
		{50DC1732-3BF2-481E-80BC-9FC06D61CDAF}.Release|Any CPU.Build.0 = Release|Any CPU
		{50DC1732-3BF2-481E-80BC-9FC06D61CDAF}.Release|iPhone.ActiveCfg = Release|Any CPU
		{50DC1732-3BF2-481E-80BC-9FC06D61CDAF}.Release|iPhone.Build.0 = Release|Any CPU
		{50DC1732-3BF2-481E-80BC-9FC06D61CDAF}.Release|iPhoneSimulator.ActiveCfg = Release|Any CPU
		{50DC1732-3BF2-481E-80BC-9FC06D61CDAF}.Release|iPhoneSimulator.Build.0 = Release|Any CPU
	EndGlobalSection
	GlobalSection(SolutionProperties) = preSolution
		HideSolutionNode = FALSE
	EndGlobalSection
EndGlobal
